# THIS IS AN AUTOGENERATED FILE. DO NOT EDIT THIS FILE DIRECTLY.
# yarn lockfile v1


"@react-native-async-storage/async-storage@*":
  version "1.15.7"
  resolved "https://registry.nlark.com/@react-native-async-storage/async-storage/download/@react-native-async-storage/async-storage-1.15.7.tgz#736ac5cfe211b081e70389e80c237398d1451f08"
  integrity sha1-c2rFz+IRsIHnA4noDCNzmNFFHwg=
  dependencies:
    merge-options "^3.0.4"

deepmerge@^3.3.0:
  version "3.3.0"
  resolved "https://registry.yarnpkg.com/deepmerge/-/deepmerge-3.3.0.tgz#d3c47fd6f3a93d517b14426b0628a17b0125f5f7"
  integrity sha512-GRQOafGHwMHpjPx9iCvTgpu9NojZ49q794EEL94JVEw6VaeA8XTUyBKvAkOOjBX9oJNiV6G3P+T+tihFjo2TqA==

is-plain-obj@^2.1.0:
  version "2.1.0"
  resolved "https://registry.npm.taobao.org/is-plain-obj/download/is-plain-obj-2.1.0.tgz?cache=0&sync_timestamp=1618600554597&other_urls=https%3A%2F%2Fregistry.npm.taobao.org%2Fis-plain-obj%2Fdownload%2Fis-plain-obj-2.1.0.tgz#45e42e37fccf1f40da8e5f76ee21515840c09287"
  integrity sha1-ReQuN/zPH0Dajl927iFRWEDAkoc=

merge-options@^3.0.4:
  version "3.0.4"
  resolved "https://registry.nlark.com/merge-options/download/merge-options-3.0.4.tgz#84709c2aa2a4b24c1981f66c179fe5565cc6dbb7"
  integrity sha1-hHCcKqKkskwZgfZsF5/lVlzG27c=
  dependencies:
    is-plain-obj "^2.1.0"

mock-async-storage@*:
  version "2.2.0"
  resolved "https://registry.yarnpkg.com/mock-async-storage/-/mock-async-storage-2.2.0.tgz#c3f3edd62eaea372bc91d9d39271ece253b8b313"
  integrity sha512-HpMe9KNKxlyiRyOXFBrEOSQ1Idcoz1k5W5J+6C8zYzjasSxFJlrA5wVVjPR4U6zJJtrbuky1c0s1o3whzgghSQ==
  dependencies:
    deepmerge "^3.3.0"
