# THIS IS AN AUTOGENERATED FILE. DO NOT EDIT THIS FILE DIRECTLY.
# yarn lockfile v1


"@react-native-community/async-storage@*":
  version "1.12.0"
  resolved "https://registry.yarnpkg.com/@react-native-community/async-storage/-/async-storage-1.12.0.tgz#d2fc65bc08aa1c3e9514bbe9fe7095eab8e8aca3"
  integrity sha512-y3zVxuVyiOxI8TXrvajmYfDbIt2vFNxzV5MiA28v15DQTxDk6uJH3rpc9my+la7u2Tiwt3PpdU2+59ZgZ4h7wA==
  dependencies:
    deep-assign "^3.0.0"

deep-assign@^3.0.0:
  version "3.0.0"
  resolved "https://registry.yarnpkg.com/deep-assign/-/deep-assign-3.0.0.tgz#c8e4c4d401cba25550a2f0f486a2e75bc5f219a2"
  integrity sha512-YX2i9XjJ7h5q/aQ/IM9PEwEnDqETAIYbggmdDB3HLTlSgo1CxPsj6pvhPG68rq6SVE0+p+6Ywsm5fTYNrYtBWw==
  dependencies:
    is-obj "^1.0.0"

deepmerge@^3.3.0:
  version "3.3.0"
  resolved "https://registry.yarnpkg.com/deepmerge/-/deepmerge-3.3.0.tgz#d3c47fd6f3a93d517b14426b0628a17b0125f5f7"
  integrity sha512-GRQOafGHwMHpjPx9iCvTgpu9NojZ49q794EEL94JVEw6VaeA8XTUyBKvAkOOjBX9oJNiV6G3P+T+tihFjo2TqA==

is-obj@^1.0.0:
  version "1.0.1"
  resolved "https://registry.yarnpkg.com/is-obj/-/is-obj-1.0.1.tgz#3e4729ac1f5fde025cd7d83a896dab9f4f67db0f"
  integrity sha1-PkcprB9f3gJc19g6iW2rn09n2w8=

mock-async-storage@*:
  version "2.2.0"
  resolved "https://registry.yarnpkg.com/mock-async-storage/-/mock-async-storage-2.2.0.tgz#c3f3edd62eaea372bc91d9d39271ece253b8b313"
  integrity sha512-HpMe9KNKxlyiRyOXFBrEOSQ1Idcoz1k5W5J+6C8zYzjasSxFJlrA5wVVjPR4U6zJJtrbuky1c0s1o3whzgghSQ==
  dependencies:
    deepmerge "^3.3.0"
